{
  "version": 4,
  "terraform_version": "1.9.5",
  "serial": 14,
  "lineage": "18296eb8-1b40-4f72-0f0b-ef80ada9252c",
  "outputs": {},
  "resources": [
    {
      "mode": "data",
      "type": "alicloud_zones",
      "name": "default",
      "provider": "provider[\"registry.terraform.io/aliyun/alicloud\"]",
      "instances": [
        {
          "schema_version": 0,
          "attributes": {
            "available_disk_category": "cloud_efficiency",
            "available_instance_type": null,
            "available_resource_creation": "VSwitch",
            "available_slb_address_ip_version": null,
            "available_slb_address_type": null,
            "enable_details": false,
            "id": "1880110974",
            "ids": [
              "cn-shanghai-a",
              "cn-shanghai-b",
              "cn-shanghai-d",
              "cn-shanghai-e",
              "cn-shanghai-f",
              "cn-shanghai-g",
              "cn-shanghai-k",
              "cn-shanghai-l",
              "cn-shanghai-m",
              "cn-shanghai-n"
            ],
            "instance_charge_type": "PostPaid",
            "multi": false,
            "network_type": null,
            "output_file": null,
            "spot_strategy": "NoSpot",
            "zones": [
              {
                "available_disk_categories": [],
                "available_instance_types": [],
                "available_resource_creation": [],
                "id": "cn-shanghai-a",
                "local_name": "",
                "multi_zone_ids": [],
                "slb_slave_zone_ids": []
              },
              {
                "available_disk_categories": [],
                "available_instance_types": [],
                "available_resource_creation": [],
                "id": "cn-shanghai-b",
                "local_name": "",
                "multi_zone_ids": [],
                "slb_slave_zone_ids": []
              },
              {
                "available_disk_categories": [],
                "available_instance_types": [],
                "available_resource_creation": [],
                "id": "cn-shanghai-d",
                "local_name": "",
                "multi_zone_ids": [],
                "slb_slave_zone_ids": []
              },
              {
                "available_disk_categories": [],
                "available_instance_types": [],
                "available_resource_creation": [],
                "id": "cn-shanghai-e",
                "local_name": "",
                "multi_zone_ids": [],
                "slb_slave_zone_ids": []
              },
              {
                "available_disk_categories": [],
                "available_instance_types": [],
                "available_resource_creation": [],
                "id": "cn-shanghai-f",
                "local_name": "",
                "multi_zone_ids": [],
                "slb_slave_zone_ids": []
              },
              {
                "available_disk_categories": [],
                "available_instance_types": [],
                "available_resource_creation": [],
                "id": "cn-shanghai-g",
                "local_name": "",
                "multi_zone_ids": [],
                "slb_slave_zone_ids": []
              },
              {
                "available_disk_categories": [],
                "available_instance_types": [],
                "available_resource_creation": [],
                "id": "cn-shanghai-k",
                "local_name": "",
                "multi_zone_ids": [],
                "slb_slave_zone_ids": []
              },
              {
                "available_disk_categories": [],
                "available_instance_types": [],
                "available_resource_creation": [],
                "id": "cn-shanghai-l",
                "local_name": "",
                "multi_zone_ids": [],
                "slb_slave_zone_ids": []
              },
              {
                "available_disk_categories": [],
                "available_instance_types": [],
                "available_resource_creation": [],
                "id": "cn-shanghai-m",
                "local_name": "",
                "multi_zone_ids": [],
                "slb_slave_zone_ids": []
              },
              {
                "available_disk_categories": [],
                "available_instance_types": [],
                "available_resource_creation": [],
                "id": "cn-shanghai-n",
                "local_name": "",
                "multi_zone_ids": [],
                "slb_slave_zone_ids": []
              }
            ]
          },
          "sensitive_attributes": []
        }
      ]
    },
    {
      "mode": "managed",
      "type": "alicloud_instance",
      "name": "instance",
      "provider": "provider[\"registry.terraform.io/aliyun/alicloud\"]",
      "instances": [
        {
          "schema_version": 0,
          "attributes": {
            "allocate_public_ip": null,
            "auto_release_time": "",
            "auto_renew_period": null,
            "availability_zone": "cn-shanghai-g",
            "cpu": 1,
            "credit_specification": "Standard",
            "data_disks": [
              {
                "auto_snapshot_policy_id": "",
                "category": "cloud_efficiency",
                "delete_with_instance": true,
                "description": "disk-description",
                "device": "",
                "encrypted": false,
                "kms_key_id": "",
                "name": "data-disk",
                "performance_level": "",
                "size": 20,
                "snapshot_id": ""
              }
            ],
            "dedicated_host_id": "",
            "deletion_protection": false,
            "deployment_set_group_no": null,
            "deployment_set_id": "",
            "description": "",
            "dry_run": false,
            "enable_jumbo_frame": false,
            "force_delete": null,
            "host_name": "iZuf66mq7acwu09x9t7x8gZ",
            "hpc_cluster_id": "",
            "http_endpoint": "",
            "http_put_response_hop_limit": 0,
            "http_tokens": "",
            "id": "i-uf66mq7acwu09x9t7x8g",
            "image_id": "ubuntu_18_04_64_20G_alibase_20190624.vhd",
            "include_data_disks": null,
            "instance_charge_type": "PostPaid",
            "instance_name": "terraform-example",
            "instance_type": "ecs.t5-lc1m2.small",
            "internet_charge_type": "PayByTraffic",
            "internet_max_bandwidth_in": 200,
            "internet_max_bandwidth_out": 10,
            "io_optimized": null,
            "ipv6_address_count": 0,
            "ipv6_addresses": [],
            "is_outdated": null,
            "key_name": "",
            "kms_encrypted_password": null,
            "kms_encryption_context": null,
            "launch_template_id": null,
            "launch_template_name": null,
            "launch_template_version": null,
            "maintenance_action": "AutoRecover",
            "maintenance_notify": false,
            "maintenance_time": [],
            "memory": 2048,
            "network_card_index": null,
            "network_interface_id": "eni-uf65gh892tic5f7wl1ih",
            "network_interface_traffic_mode": "Standard",
            "network_interfaces": [],
            "operator_type": null,
            "os_name": "Ubuntu  18.04 64位",
            "os_type": "linux",
            "password": "",
            "period": null,
            "period_unit": null,
            "primary_ip_address": "172.16.0.147",
            "private_ip": "172.16.0.147",
            "public_ip": "106.14.187.145",
            "queue_pair_number": 0,
            "renewal_status": null,
            "resource_group_id": "",
            "role_name": null,
            "secondary_private_ip_address_count": 0,
            "secondary_private_ips": [],
            "security_enhancement_strategy": null,
            "security_groups": [
              "sg-uf61ad6pscxetr1ro3w8"
            ],
            "spot_duration": 0,
            "spot_price_limit": 0,
            "spot_strategy": "NoSpot",
            "status": "Running",
            "stopped_mode": "Not-applicable",
            "subnet_id": "vsw-uf60aebghbvetwkrx7m0s",
            "system_disk_auto_snapshot_policy_id": "",
            "system_disk_category": "cloud_efficiency",
            "system_disk_description": "system_disk_description",
            "system_disk_encrypt_algorithm": null,
            "system_disk_encrypted": false,
            "system_disk_id": "d-uf67njr7o4tmszdorhc3",
            "system_disk_kms_key_id": "",
            "system_disk_name": "terraform-example",
            "system_disk_performance_level": "",
            "system_disk_size": 40,
            "system_disk_storage_cluster_id": "",
            "tags": null,
            "timeouts": null,
            "user_data": "",
            "volume_tags": {},
            "vpc_id": "vpc-uf6re2tud0mqy2wvgq44c",
            "vswitch_id": "vsw-uf60aebghbvetwkrx7m0s"
          },
          "sensitive_attributes": [
            [
              {
                "type": "get_attr",
                "value": "password"
              }
            ]
          ],
          "private": "eyJlMmJmYjczMC1lY2FhLTExZTYtOGY4OC0zNDM2M2JjN2M0YzAiOnsiY3JlYXRlIjo2MDAwMDAwMDAwMDAsImRlbGV0ZSI6MTIwMDAwMDAwMDAwMCwidXBkYXRlIjo2MDAwMDAwMDAwMDB9fQ==",
          "dependencies": [
            "alicloud_security_group.group",
            "alicloud_vpc.vpc",
            "alicloud_vswitch.vswitch"
          ]
        }
      ]
    },
    {
      "mode": "managed",
      "type": "alicloud_security_group",
      "name": "group",
      "provider": "provider[\"registry.terraform.io/aliyun/alicloud\"]",
      "instances": [
        {
          "schema_version": 0,
          "attributes": {
            "description": "foo",
            "id": "sg-uf61ad6pscxetr1ro3w8",
            "inner_access": true,
            "inner_access_policy": "Accept",
            "name": "terraform-example",
            "resource_group_id": "",
            "security_group_type": "normal",
            "tags": {},
            "timeouts": null,
            "vpc_id": "vpc-uf6re2tud0mqy2wvgq44c"
          },
          "sensitive_attributes": [],
          "private": "eyJlMmJmYjczMC1lY2FhLTExZTYtOGY4OC0zNDM2M2JjN2M0YzAiOnsiZGVsZXRlIjo2MDAwMDAwMDAwMDB9fQ==",
          "dependencies": [
            "alicloud_vpc.vpc"
          ]
        }
      ]
    },
    {
      "mode": "managed",
      "type": "alicloud_vpc",
      "name": "vpc",
      "provider": "provider[\"registry.terraform.io/aliyun/alicloud\"]",
      "instances": [
        {
          "schema_version": 0,
          "attributes": {
            "cidr_block": "172.16.0.0/16",
            "classic_link_enabled": null,
            "create_time": "2024-09-08T15:28:31Z",
            "description": "",
            "dry_run": null,
            "enable_ipv6": false,
            "id": "vpc-uf6re2tud0mqy2wvgq44c",
            "ipv4_ipam_pool_id": null,
            "ipv6_cidr_block": "",
            "ipv6_cidr_blocks": [],
            "ipv6_isp": null,
            "is_default": null,
            "name": "terraform-example",
            "resource_group_id": "rg-acfmw6yzur7snai",
            "route_table_id": "vtb-uf6o4i9ov7mfr11pir78e",
            "router_id": "vrt-uf6m7e4ww51a08damqmot",
            "router_table_id": "vtb-uf6o4i9ov7mfr11pir78e",
            "secondary_cidr_blocks": [],
            "status": "Available",
            "system_route_table_description": "",
            "system_route_table_name": "",
            "tags": {},
            "timeouts": null,
            "user_cidrs": [],
            "vpc_name": "terraform-example"
          },
          "sensitive_attributes": [],
          "private": "eyJlMmJmYjczMC1lY2FhLTExZTYtOGY4OC0zNDM2M2JjN2M0YzAiOnsiY3JlYXRlIjozMDAwMDAwMDAwMDAsImRlbGV0ZSI6MzAwMDAwMDAwMDAwLCJ1cGRhdGUiOjMwMDAwMDAwMDAwMH19"
        }
      ]
    },
    {
      "mode": "managed",
      "type": "alicloud_vswitch",
      "name": "vswitch",
      "provider": "provider[\"registry.terraform.io/aliyun/alicloud\"]",
      "instances": [
        {
          "schema_version": 0,
          "attributes": {
            "availability_zone": "cn-shanghai-g",
            "cidr_block": "172.16.0.0/24",
            "create_time": "2024-09-08T15:45:32Z",
            "description": "",
            "enable_ipv6": null,
            "id": "vsw-uf60aebghbvetwkrx7m0s",
            "ipv6_cidr_block": "",
            "ipv6_cidr_block_mask": null,
            "name": "terraform-example",
            "status": "Available",
            "tags": null,
            "timeouts": null,
            "vpc_id": "vpc-uf6re2tud0mqy2wvgq44c",
            "vswitch_name": "terraform-example",
            "zone_id": "cn-shanghai-g"
          },
          "sensitive_attributes": [],
          "private": "eyJlMmJmYjczMC1lY2FhLTExZTYtOGY4OC0zNDM2M2JjN2M0YzAiOnsiY3JlYXRlIjozMDAwMDAwMDAwMDAsImRlbGV0ZSI6NjAwMDAwMDAwMDAwLCJ1cGRhdGUiOjMwMDAwMDAwMDAwMH19",
          "dependencies": [
            "alicloud_vpc.vpc"
          ]
        }
      ]
    }
  ],
  "check_results": null
}
